
Microsoft Visual Studio Solution File, Format Version 12.00
# Visual Studio Version 17
VisualStudioVersion = 17.13.35913.81 d17.13
MinimumVisualStudioVersion = 10.0.40219.1
Project("{FAE04EC0-301F-11D3-BF4B-00C04F79EFBC}") = "gcs_truck", "gcs_truck\gcs_truck.csproj", "{95B135FA-FC55-4C4E-9396-8DF840B34932}"
EndProject
Global
	GlobalSection(SolutionConfigurationPlatforms) = preSolution
		Debug|Any CPU = Debug|Any CPU
		Release|Any CPU = Release|Any CPU
	EndGlobalSection
	GlobalSection(ProjectConfigurationPlatforms) = postSolution
		{95B135FA-FC55-4C4E-9396-8DF840B34932}.Debug|Any CPU.ActiveCfg = Debug|Any CPU
		{95B135FA-FC55-4C4E-9396-8DF840B34932}.Debug|Any CPU.Build.0 = Debug|Any CPU
		{95B135FA-FC55-4C4E-9396-8DF840B34932}.Release|Any CPU.ActiveCfg = Release|Any CPU
		{95B135FA-FC55-4C4E-9396-8DF840B34932}.Release|Any CPU.Build.0 = Release|Any CPU
	EndGlobalSection
	GlobalSection(SolutionProperties) = preSolution
		HideSolutionNode = FALSE
	EndGlobalSection
	GlobalSection(ExtensibilityGlobals) = postSolution
		SolutionGuid = {9540C7D6-B208-4FE8-8E0A-6018459C6AC9}
	EndGlobalSection
EndGlobal
